schema: '2.0'
stages:
  clean:
    cmd: python src/clean.py
    deps:
    - path: data/raw/events.csv
      hash: md5
      md5: 431ff8b1e99f6c5ac0a423d9e37ac2a9
      size: 73240
    - path: src/clean.py
      hash: md5
      md5: 47bffa7cdfab404a159e7a5679169f2c
      size: 740
    outs:
    - path: data/clean/events.csv
      hash: md5
      md5: 660ab981cf45cf20a8cc1d4d55371c1c
      size: 12379
  transform:
    cmd: python src/transform.py
    deps:
    - path: data/clean/events.csv
      hash: md5
      md5: 660ab981cf45cf20a8cc1d4d55371c1c
      size: 12379
    - path: src/transform.py
      hash: md5
      md5: 90f308b1966f5f0014cfba5946418f4f
      size: 246
    outs:
    - path: data/transformed/events.csv
      hash: md5
      md5: 9fd3943c4510f46b8e860603b24a140c
      size: 16168
  features:
    cmd: python src/features.py
    deps:
    - path: data/transformed/events.csv
      hash: md5
      md5: 9fd3943c4510f46b8e860603b24a140c
      size: 16168
    - path: src/features.py
      hash: md5
      md5: f219aae30f73ff0ce902765b76184a7a
      size: 287
    outs:
    - path: data/features/events.csv
      hash: md5
      md5: 0b3044383afeeff16b012cd383e765cf
      size: 23914
