schema: '2.0'
stages:
  clean:
    cmd: python src/clean.py
    deps:
    - path: data/raw/events.csv
      hash: md5
      md5: 431ff8b1e99f6c5ac0a423d9e37ac2a9
      size: 73240
    - path: src/clean.py
      hash: md5
      md5: 5ffc1aa371c38c3db420d353be2345d9
      size: 790
    outs:
    - path: data/clean/events.csv
      hash: md5
      md5: 2a71c0b0c5ef84bfc813a00e14c4ec6a
      size: 12316
  transform:
    cmd: python src/transform.py
    deps:
    - path: data/clean/events.csv
      hash: md5
      md5: 2a71c0b0c5ef84bfc813a00e14c4ec6a
      size: 12316
    - path: src/transform.py
      hash: md5
      md5: 90f308b1966f5f0014cfba5946418f4f
      size: 246
    outs:
    - path: data/transformed/events.csv
      hash: md5
      md5: 65ee5f1102dfe456a813090f375c3a99
      size: 16083
  features:
    cmd: python src/features.py
    deps:
    - path: data/transformed/events.csv
      hash: md5
      md5: 65ee5f1102dfe456a813090f375c3a99
      size: 16083
    - path: src/features.py
      hash: md5
      md5: f219aae30f73ff0ce902765b76184a7a
      size: 287
    outs:
    - path: data/features/events.csv
      hash: md5
      md5: c12314a86636ef7558416979d7989aee
      size: 23789
